
Microsoft Visual Studio Solution File, Format Version 12.00
# Visual Studio 2013
VisualStudioVersion = 12.0.30723.0
MinimumVisualStudioVersion = 10.0.40219.1
Project("{FAE04EC0-301F-11D3-BF4B-00C04F79EFBC}") = "RoutingDemo", "RoutingDemo\RoutingDemo.csproj", "{3850B999-EA21-4F2F-B0F3-5C902059A4FA}"
EndProject
Project("{FAE04EC0-301F-11D3-BF4B-00C04F79EFBC}") = "AnimatedPagesDemo", "AnimatedPages\AnimatedPagesDemo.csproj", "{31F03A26-B44A-4C62-9B49-8DDB2DFE18D5}"
EndProject
Project("{FAE04EC0-301F-11D3-BF4B-00C04F79EFBC}") = "UsingCoreAjaxDemo", "UsingCoreAjaxDemo\UsingCoreAjaxDemo.csproj", "{CBCF9A21-E9DB-430B-AF9E-629ECE219732}"
EndProject
Project("{FAE04EC0-301F-11D3-BF4B-00C04F79EFBC}") = "ExtendingElementsDemo", "ExtendingElementsDemo\ExtendingElementsDemo.csproj", "{B02FE3B9-7EA0-4A39-9E31-7C84AC587E5A}"
EndProject
Global
	GlobalSection(SolutionConfigurationPlatforms) = preSolution
		Debug|Any CPU = Debug|Any CPU
		Release|Any CPU = Release|Any CPU
	EndGlobalSection
	GlobalSection(ProjectConfigurationPlatforms) = postSolution
		{3850B999-EA21-4F2F-B0F3-5C902059A4FA}.Debug|Any CPU.ActiveCfg = Debug|Any CPU
		{3850B999-EA21-4F2F-B0F3-5C902059A4FA}.Debug|Any CPU.Build.0 = Debug|Any CPU
		{3850B999-EA21-4F2F-B0F3-5C902059A4FA}.Release|Any CPU.ActiveCfg = Release|Any CPU
		{3850B999-EA21-4F2F-B0F3-5C902059A4FA}.Release|Any CPU.Build.0 = Release|Any CPU
		{31F03A26-B44A-4C62-9B49-8DDB2DFE18D5}.Debug|Any CPU.ActiveCfg = Debug|Any CPU
		{31F03A26-B44A-4C62-9B49-8DDB2DFE18D5}.Debug|Any CPU.Build.0 = Debug|Any CPU
		{31F03A26-B44A-4C62-9B49-8DDB2DFE18D5}.Release|Any CPU.ActiveCfg = Release|Any CPU
		{31F03A26-B44A-4C62-9B49-8DDB2DFE18D5}.Release|Any CPU.Build.0 = Release|Any CPU
		{CBCF9A21-E9DB-430B-AF9E-629ECE219732}.Debug|Any CPU.ActiveCfg = Debug|Any CPU
		{CBCF9A21-E9DB-430B-AF9E-629ECE219732}.Debug|Any CPU.Build.0 = Debug|Any CPU
		{CBCF9A21-E9DB-430B-AF9E-629ECE219732}.Release|Any CPU.ActiveCfg = Release|Any CPU
		{CBCF9A21-E9DB-430B-AF9E-629ECE219732}.Release|Any CPU.Build.0 = Release|Any CPU
		{B02FE3B9-7EA0-4A39-9E31-7C84AC587E5A}.Debug|Any CPU.ActiveCfg = Debug|Any CPU
		{B02FE3B9-7EA0-4A39-9E31-7C84AC587E5A}.Debug|Any CPU.Build.0 = Debug|Any CPU
		{B02FE3B9-7EA0-4A39-9E31-7C84AC587E5A}.Release|Any CPU.ActiveCfg = Release|Any CPU
		{B02FE3B9-7EA0-4A39-9E31-7C84AC587E5A}.Release|Any CPU.Build.0 = Release|Any CPU
	EndGlobalSection
	GlobalSection(SolutionProperties) = preSolution
		HideSolutionNode = FALSE
	EndGlobalSection
EndGlobal
